// !$*UTF8*$!
{
	archiveVersion = 1;
	classes = {
	};
	objectVersion = 51;
	objects = {

/* Begin PBXBuildFile section */
		4E6CF5E094D28E91C8001FBB /* Pods_ecomerce_iOS_ecomerce_iOSUITests.framework in Frameworks */ = {isa = PBXBuildFile; fileRef = 775AC32CB5F7E38235AF2A9F /* Pods_ecomerce_iOS_ecomerce_iOSUITests.framework */; };
		7559AFB9B844BE02B53A75BE /* Pods_ecomerce_iOS.framework in Frameworks */ = {isa = PBXBuildFile; fileRef = 2314CEC91530BC12BD050BD5 /* Pods_ecomerce_iOS.framework */; };
		BA69A1A024B9E10C0053C135 /* AppDelegate.swift in Sources */ = {isa = PBXBuildFile; fileRef = BA69A19F24B9E10C0053C135 /* AppDelegate.swift */; };
		BA69A1A224B9E10C0053C135 /* SceneDelegate.swift in Sources */ = {isa = PBXBuildFile; fileRef = BA69A1A124B9E10C0053C135 /* SceneDelegate.swift */; };
		BA69A1A424B9E10C0053C135 /* ViewController.swift in Sources */ = {isa = PBXBuildFile; fileRef = BA69A1A324B9E10C0053C135 /* ViewController.swift */; };
		BA69A1A724B9E10C0053C135 /* Main.storyboard in Resources */ = {isa = PBXBuildFile; fileRef = BA69A1A524B9E10C0053C135 /* Main.storyboard */; };
		BA69A1A924B9E10E0053C135 /* Assets.xcassets in Resources */ = {isa = PBXBuildFile; fileRef = BA69A1A824B9E10E0053C135 /* Assets.xcassets */; };
		BA69A1AC24B9E10E0053C135 /* LaunchScreen.storyboard in Resources */ = {isa = PBXBuildFile; fileRef = BA69A1AA24B9E10E0053C135 /* LaunchScreen.storyboard */; };
		BA69A1B724B9E10E0053C135 /* ecomerce_iOSTests.swift in Sources */ = {isa = PBXBuildFile; fileRef = BA69A1B624B9E10E0053C135 /* ecomerce_iOSTests.swift */; };
		BA69A1C224B9E10E0053C135 /* ecomerce_iOSUITests.swift in Sources */ = {isa = PBXBuildFile; fileRef = BA69A1C124B9E10E0053C135 /* ecomerce_iOSUITests.swift */; };
		BA69A1D724B9EB800053C135 /* LoginViewController.swift in Sources */ = {isa = PBXBuildFile; fileRef = BA69A1D624B9EB800053C135 /* LoginViewController.swift */; };
		BA69A1E424B9FB9A0053C135 /* ProductAPITest.swift in Sources */ = {isa = PBXBuildFile; fileRef = BA69A1E324B9FB9A0053C135 /* ProductAPITest.swift */; };
		BA69A1E624B9FBAE0053C135 /* ProductAPI.swift in Sources */ = {isa = PBXBuildFile; fileRef = BA69A1E524B9FBAE0053C135 /* ProductAPI.swift */; };
		BA69A1E824B9FCDA0053C135 /* GetProductTests.swift in Sources */ = {isa = PBXBuildFile; fileRef = BA69A1E724B9FCDA0053C135 /* GetProductTests.swift */; };
		BA69A1EA24B9FCF30053C135 /* GetProduct.swift in Sources */ = {isa = PBXBuildFile; fileRef = BA69A1E924B9FCF30053C135 /* GetProduct.swift */; };
		BA69A1EC24B9FDF80053C135 /* Observable+GetEmit.swift in Sources */ = {isa = PBXBuildFile; fileRef = BA69A1EB24B9FDF80053C135 /* Observable+GetEmit.swift */; };
		BA69A1EE24BA00760053C135 /* ProductsProvider.swift in Sources */ = {isa = PBXBuildFile; fileRef = BA69A1ED24BA00760053C135 /* ProductsProvider.swift */; };
		BA69A1F024BA00870053C135 /* ProductProviderTests.swift in Sources */ = {isa = PBXBuildFile; fileRef = BA69A1EF24BA00870053C135 /* ProductProviderTests.swift */; };
		BA69A1F224BA03260053C135 /* ProductListResponseTest.swift in Sources */ = {isa = PBXBuildFile; fileRef = BA69A1F124BA03260053C135 /* ProductListResponseTest.swift */; };
		BA69A1F424BA03640053C135 /* ProductListResponse.swift in Sources */ = {isa = PBXBuildFile; fileRef = BA69A1F324BA03640053C135 /* ProductListResponse.swift */; };
		BA84817824BB27AE00AC9693 /* TabBarViewController.swift in Sources */ = {isa = PBXBuildFile; fileRef = BA84817724BB27AE00AC9693 /* TabBarViewController.swift */; };
		BA84817D24BB31B600AC9693 /* HomeViewController.swift in Sources */ = {isa = PBXBuildFile; fileRef = BA84817B24BB31B600AC9693 /* HomeViewController.swift */; };
		BA84817E24BB31B600AC9693 /* HomeViewController.xib in Resources */ = {isa = PBXBuildFile; fileRef = BA84817C24BB31B600AC9693 /* HomeViewController.xib */; };
		BA84818024BB728200AC9693 /* HomeViewModelTest.swift in Sources */ = {isa = PBXBuildFile; fileRef = BA84817F24BB728200AC9693 /* HomeViewModelTest.swift */; };
		BA84818224BB729A00AC9693 /* HomeViewModel.swift in Sources */ = {isa = PBXBuildFile; fileRef = BA84818124BB729A00AC9693 /* HomeViewModel.swift */; };
		BA84818524BB866600AC9693 /* CategoryCollectionViewCell.swift in Sources */ = {isa = PBXBuildFile; fileRef = BA84818324BB866600AC9693 /* CategoryCollectionViewCell.swift */; };
		BA84818624BB866600AC9693 /* CategoryCollectionViewCell.xib in Resources */ = {isa = PBXBuildFile; fileRef = BA84818424BB866600AC9693 /* CategoryCollectionViewCell.xib */; };
		BA84818924BB8C7C00AC9693 /* PromoTableViewCell.swift in Sources */ = {isa = PBXBuildFile; fileRef = BA84818724BB8C7C00AC9693 /* PromoTableViewCell.swift */; };
		BA84818A24BB8C7C00AC9693 /* PromoTableViewCell.xib in Resources */ = {isa = PBXBuildFile; fileRef = BA84818824BB8C7C00AC9693 /* PromoTableViewCell.xib */; };
		F7FBD70DC1A79FA0B89764D6 /* Pods_ecomerce_iOSTests.framework in Frameworks */ = {isa = PBXBuildFile; fileRef = C8B7035D7E46FF6C5CFF6C46 /* Pods_ecomerce_iOSTests.framework */; };
/* End PBXBuildFile section */

/* Begin PBXContainerItemProxy section */
		BA69A1B324B9E10E0053C135 /* PBXContainerItemProxy */ = {
			isa = PBXContainerItemProxy;
			containerPortal = BA69A19424B9E10C0053C135 /* Project object */;
			proxyType = 1;
			remoteGlobalIDString = BA69A19B24B9E10C0053C135;
			remoteInfo = "ecomerce-iOS";
		};
		BA69A1BE24B9E10E0053C135 /* PBXContainerItemProxy */ = {
			isa = PBXContainerItemProxy;
			containerPortal = BA69A19424B9E10C0053C135 /* Project object */;
			proxyType = 1;
			remoteGlobalIDString = BA69A19B24B9E10C0053C135;
			remoteInfo = "ecomerce-iOS";
		};
/* End PBXContainerItemProxy section */

/* Begin PBXFileReference section */
		0E361824413FBFEA72AE2D55 /* Pods-ecomerce-iOS.debug.xcconfig */ = {isa = PBXFileReference; includeInIndex = 1; lastKnownFileType = text.xcconfig; name = "Pods-ecomerce-iOS.debug.xcconfig"; path = "Target Support Files/Pods-ecomerce-iOS/Pods-ecomerce-iOS.debug.xcconfig"; sourceTree = "<group>"; };
		1BEEC9E8759492907E69A56F /* Pods-ecomerce-iOSTests.release.xcconfig */ = {isa = PBXFileReference; includeInIndex = 1; lastKnownFileType = text.xcconfig; name = "Pods-ecomerce-iOSTests.release.xcconfig"; path = "Target Support Files/Pods-ecomerce-iOSTests/Pods-ecomerce-iOSTests.release.xcconfig"; sourceTree = "<group>"; };
		2314CEC91530BC12BD050BD5 /* Pods_ecomerce_iOS.framework */ = {isa = PBXFileReference; explicitFileType = wrapper.framework; includeInIndex = 0; path = Pods_ecomerce_iOS.framework; sourceTree = BUILT_PRODUCTS_DIR; };
		2558D529934C3D699BEFF27B /* Pods-ecomerce-iOS-ecomerce-iOSUITests.debug.xcconfig */ = {isa = PBXFileReference; includeInIndex = 1; lastKnownFileType = text.xcconfig; name = "Pods-ecomerce-iOS-ecomerce-iOSUITests.debug.xcconfig"; path = "Target Support Files/Pods-ecomerce-iOS-ecomerce-iOSUITests/Pods-ecomerce-iOS-ecomerce-iOSUITests.debug.xcconfig"; sourceTree = "<group>"; };
		3B28397B8AF4285288FF517C /* Pods-ecomerce-iOS.release.xcconfig */ = {isa = PBXFileReference; includeInIndex = 1; lastKnownFileType = text.xcconfig; name = "Pods-ecomerce-iOS.release.xcconfig"; path = "Target Support Files/Pods-ecomerce-iOS/Pods-ecomerce-iOS.release.xcconfig"; sourceTree = "<group>"; };
		67E971AA284A1D1F1DD574EE /* Pods-ecomerce-iOS-ecomerce-iOSUITests.release.xcconfig */ = {isa = PBXFileReference; includeInIndex = 1; lastKnownFileType = text.xcconfig; name = "Pods-ecomerce-iOS-ecomerce-iOSUITests.release.xcconfig"; path = "Target Support Files/Pods-ecomerce-iOS-ecomerce-iOSUITests/Pods-ecomerce-iOS-ecomerce-iOSUITests.release.xcconfig"; sourceTree = "<group>"; };
		775AC32CB5F7E38235AF2A9F /* Pods_ecomerce_iOS_ecomerce_iOSUITests.framework */ = {isa = PBXFileReference; explicitFileType = wrapper.framework; includeInIndex = 0; path = Pods_ecomerce_iOS_ecomerce_iOSUITests.framework; sourceTree = BUILT_PRODUCTS_DIR; };
		A6D2928469D971FA0D5B94B7 /* Pods-ecomerce-iOSTests.debug.xcconfig */ = {isa = PBXFileReference; includeInIndex = 1; lastKnownFileType = text.xcconfig; name = "Pods-ecomerce-iOSTests.debug.xcconfig"; path = "Target Support Files/Pods-ecomerce-iOSTests/Pods-ecomerce-iOSTests.debug.xcconfig"; sourceTree = "<group>"; };
		BA69A19C24B9E10C0053C135 /* ecomerce-iOS.app */ = {isa = PBXFileReference; explicitFileType = wrapper.application; includeInIndex = 0; path = "ecomerce-iOS.app"; sourceTree = BUILT_PRODUCTS_DIR; };
		BA69A19F24B9E10C0053C135 /* AppDelegate.swift */ = {isa = PBXFileReference; lastKnownFileType = sourcecode.swift; path = AppDelegate.swift; sourceTree = "<group>"; };
		BA69A1A124B9E10C0053C135 /* SceneDelegate.swift */ = {isa = PBXFileReference; lastKnownFileType = sourcecode.swift; path = SceneDelegate.swift; sourceTree = "<group>"; };
		BA69A1A324B9E10C0053C135 /* ViewController.swift */ = {isa = PBXFileReference; lastKnownFileType = sourcecode.swift; path = ViewController.swift; sourceTree = "<group>"; };
		BA69A1A624B9E10C0053C135 /* Base */ = {isa = PBXFileReference; lastKnownFileType = file.storyboard; name = Base; path = Base.lproj/Main.storyboard; sourceTree = "<group>"; };
		BA69A1A824B9E10E0053C135 /* Assets.xcassets */ = {isa = PBXFileReference; lastKnownFileType = folder.assetcatalog; path = Assets.xcassets; sourceTree = "<group>"; };
		BA69A1AB24B9E10E0053C135 /* Base */ = {isa = PBXFileReference; lastKnownFileType = file.storyboard; name = Base; path = Base.lproj/LaunchScreen.storyboard; sourceTree = "<group>"; };
		BA69A1AD24B9E10E0053C135 /* Info.plist */ = {isa = PBXFileReference; lastKnownFileType = text.plist.xml; path = Info.plist; sourceTree = "<group>"; };
		BA69A1B224B9E10E0053C135 /* ecomerce-iOSTests.xctest */ = {isa = PBXFileReference; explicitFileType = wrapper.cfbundle; includeInIndex = 0; path = "ecomerce-iOSTests.xctest"; sourceTree = BUILT_PRODUCTS_DIR; };
		BA69A1B624B9E10E0053C135 /* ecomerce_iOSTests.swift */ = {isa = PBXFileReference; lastKnownFileType = sourcecode.swift; path = ecomerce_iOSTests.swift; sourceTree = "<group>"; };
		BA69A1B824B9E10E0053C135 /* Info.plist */ = {isa = PBXFileReference; lastKnownFileType = text.plist.xml; path = Info.plist; sourceTree = "<group>"; };
		BA69A1BD24B9E10E0053C135 /* ecomerce-iOSUITests.xctest */ = {isa = PBXFileReference; explicitFileType = wrapper.cfbundle; includeInIndex = 0; path = "ecomerce-iOSUITests.xctest"; sourceTree = BUILT_PRODUCTS_DIR; };
		BA69A1C124B9E10E0053C135 /* ecomerce_iOSUITests.swift */ = {isa = PBXFileReference; lastKnownFileType = sourcecode.swift; path = ecomerce_iOSUITests.swift; sourceTree = "<group>"; };
		BA69A1C324B9E10E0053C135 /* Info.plist */ = {isa = PBXFileReference; lastKnownFileType = text.plist.xml; path = Info.plist; sourceTree = "<group>"; };
		BA69A1D624B9EB800053C135 /* LoginViewController.swift */ = {isa = PBXFileReference; lastKnownFileType = sourcecode.swift; path = LoginViewController.swift; sourceTree = "<group>"; };
		BA69A1E324B9FB9A0053C135 /* ProductAPITest.swift */ = {isa = PBXFileReference; lastKnownFileType = sourcecode.swift; path = ProductAPITest.swift; sourceTree = "<group>"; };
		BA69A1E524B9FBAE0053C135 /* ProductAPI.swift */ = {isa = PBXFileReference; lastKnownFileType = sourcecode.swift; path = ProductAPI.swift; sourceTree = "<group>"; };
		BA69A1E724B9FCDA0053C135 /* GetProductTests.swift */ = {isa = PBXFileReference; lastKnownFileType = sourcecode.swift; path = GetProductTests.swift; sourceTree = "<group>"; };
		BA69A1E924B9FCF30053C135 /* GetProduct.swift */ = {isa = PBXFileReference; lastKnownFileType = sourcecode.swift; path = GetProduct.swift; sourceTree = "<group>"; };
		BA69A1EB24B9FDF80053C135 /* Observable+GetEmit.swift */ = {isa = PBXFileReference; lastKnownFileType = sourcecode.swift; path = "Observable+GetEmit.swift"; sourceTree = "<group>"; };
		BA69A1ED24BA00760053C135 /* ProductsProvider.swift */ = {isa = PBXFileReference; lastKnownFileType = sourcecode.swift; path = ProductsProvider.swift; sourceTree = "<group>"; };
		BA69A1EF24BA00870053C135 /* ProductProviderTests.swift */ = {isa = PBXFileReference; lastKnownFileType = sourcecode.swift; path = ProductProviderTests.swift; sourceTree = "<group>"; };
		BA69A1F124BA03260053C135 /* ProductListResponseTest.swift */ = {isa = PBXFileReference; lastKnownFileType = sourcecode.swift; path = ProductListResponseTest.swift; sourceTree = "<group>"; };
		BA69A1F324BA03640053C135 /* ProductListResponse.swift */ = {isa = PBXFileReference; lastKnownFileType = sourcecode.swift; path = ProductListResponse.swift; sourceTree = "<group>"; };
		BA84817724BB27AE00AC9693 /* TabBarViewController.swift */ = {isa = PBXFileReference; lastKnownFileType = sourcecode.swift; path = TabBarViewController.swift; sourceTree = "<group>"; };
		BA84817B24BB31B600AC9693 /* HomeViewController.swift */ = {isa = PBXFileReference; lastKnownFileType = sourcecode.swift; path = HomeViewController.swift; sourceTree = "<group>"; };
		BA84817C24BB31B600AC9693 /* HomeViewController.xib */ = {isa = PBXFileReference; lastKnownFileType = file.xib; path = HomeViewController.xib; sourceTree = "<group>"; };
		BA84817F24BB728200AC9693 /* HomeViewModelTest.swift */ = {isa = PBXFileReference; lastKnownFileType = sourcecode.swift; path = HomeViewModelTest.swift; sourceTree = "<group>"; };
		BA84818124BB729A00AC9693 /* HomeViewModel.swift */ = {isa = PBXFileReference; lastKnownFileType = sourcecode.swift; name = HomeViewModel.swift; path = "ecomerce-iOSTests/Unit Tests/HomeViewModel.swift"; sourceTree = SOURCE_ROOT; };
		BA84818324BB866600AC9693 /* CategoryCollectionViewCell.swift */ = {isa = PBXFileReference; lastKnownFileType = sourcecode.swift; path = CategoryCollectionViewCell.swift; sourceTree = "<group>"; };
		BA84818424BB866600AC9693 /* CategoryCollectionViewCell.xib */ = {isa = PBXFileReference; lastKnownFileType = file.xib; path = CategoryCollectionViewCell.xib; sourceTree = "<group>"; };
		BA84818724BB8C7C00AC9693 /* PromoTableViewCell.swift */ = {isa = PBXFileReference; lastKnownFileType = sourcecode.swift; path = PromoTableViewCell.swift; sourceTree = "<group>"; };
		BA84818824BB8C7C00AC9693 /* PromoTableViewCell.xib */ = {isa = PBXFileReference; lastKnownFileType = file.xib; path = PromoTableViewCell.xib; sourceTree = "<group>"; };
		C8B7035D7E46FF6C5CFF6C46 /* Pods_ecomerce_iOSTests.framework */ = {isa = PBXFileReference; explicitFileType = wrapper.framework; includeInIndex = 0; path = Pods_ecomerce_iOSTests.framework; sourceTree = BUILT_PRODUCTS_DIR; };
/* End PBXFileReference section */

/* Begin PBXFrameworksBuildPhase section */
		BA69A19924B9E10C0053C135 /* Frameworks */ = {
			isa = PBXFrameworksBuildPhase;
			buildActionMask = 2147483647;
			files = (
				7559AFB9B844BE02B53A75BE /* Pods_ecomerce_iOS.framework in Frameworks */,
			);
			runOnlyForDeploymentPostprocessing = 0;
		};
		BA69A1AF24B9E10E0053C135 /* Frameworks */ = {
			isa = PBXFrameworksBuildPhase;
			buildActionMask = 2147483647;
			files = (
				F7FBD70DC1A79FA0B89764D6 /* Pods_ecomerce_iOSTests.framework in Frameworks */,
			);
			runOnlyForDeploymentPostprocessing = 0;
		};
		BA69A1BA24B9E10E0053C135 /* Frameworks */ = {
			isa = PBXFrameworksBuildPhase;
			buildActionMask = 2147483647;
			files = (
				4E6CF5E094D28E91C8001FBB /* Pods_ecomerce_iOS_ecomerce_iOSUITests.framework in Frameworks */,
			);
			runOnlyForDeploymentPostprocessing = 0;
		};
/* End PBXFrameworksBuildPhase section */

/* Begin PBXGroup section */
		3557DDBA349B35A26A69F20D /* Frameworks */ = {
			isa = PBXGroup;
			children = (
				2314CEC91530BC12BD050BD5 /* Pods_ecomerce_iOS.framework */,
				775AC32CB5F7E38235AF2A9F /* Pods_ecomerce_iOS_ecomerce_iOSUITests.framework */,
				C8B7035D7E46FF6C5CFF6C46 /* Pods_ecomerce_iOSTests.framework */,
			);
			name = Frameworks;
			sourceTree = "<group>";
		};
		B4AC1107430C0FB682FCBF1D /* Pods */ = {
			isa = PBXGroup;
			children = (
				0E361824413FBFEA72AE2D55 /* Pods-ecomerce-iOS.debug.xcconfig */,
				3B28397B8AF4285288FF517C /* Pods-ecomerce-iOS.release.xcconfig */,
				2558D529934C3D699BEFF27B /* Pods-ecomerce-iOS-ecomerce-iOSUITests.debug.xcconfig */,
				67E971AA284A1D1F1DD574EE /* Pods-ecomerce-iOS-ecomerce-iOSUITests.release.xcconfig */,
				A6D2928469D971FA0D5B94B7 /* Pods-ecomerce-iOSTests.debug.xcconfig */,
				1BEEC9E8759492907E69A56F /* Pods-ecomerce-iOSTests.release.xcconfig */,
			);
			path = Pods;
			sourceTree = "<group>";
		};
		BA69A19324B9E10C0053C135 = {
			isa = PBXGroup;
			children = (
				BA69A19E24B9E10C0053C135 /* ecomerce-iOS */,
				BA69A1B524B9E10E0053C135 /* ecomerce-iOSTests */,
				BA69A1C024B9E10E0053C135 /* ecomerce-iOSUITests */,
				BA69A19D24B9E10C0053C135 /* Products */,
				B4AC1107430C0FB682FCBF1D /* Pods */,
				3557DDBA349B35A26A69F20D /* Frameworks */,
			);
			sourceTree = "<group>";
		};
		BA69A19D24B9E10C0053C135 /* Products */ = {
			isa = PBXGroup;
			children = (
				BA69A19C24B9E10C0053C135 /* ecomerce-iOS.app */,
				BA69A1B224B9E10E0053C135 /* ecomerce-iOSTests.xctest */,
				BA69A1BD24B9E10E0053C135 /* ecomerce-iOSUITests.xctest */,
			);
			name = Products;
			sourceTree = "<group>";
		};
		BA69A19E24B9E10C0053C135 /* ecomerce-iOS */ = {
			isa = PBXGroup;
			children = (
				BA69A1D324B9E5660053C135 /* Public */,
				BA69A1D224B9E55A0053C135 /* ViewModel */,
				BA69A1D124B9E5540053C135 /* Adapter */,
				BA69A1D024B9E54A0053C135 /* Interactor */,
				BA69A1CF24B9E5420053C135 /* View */,
				BA69A19F24B9E10C0053C135 /* AppDelegate.swift */,
				BA69A1A124B9E10C0053C135 /* SceneDelegate.swift */,
				BA69A1A324B9E10C0053C135 /* ViewController.swift */,
				BA69A1A524B9E10C0053C135 /* Main.storyboard */,
				BA69A1A824B9E10E0053C135 /* Assets.xcassets */,
				BA69A1AA24B9E10E0053C135 /* LaunchScreen.storyboard */,
				BA69A1AD24B9E10E0053C135 /* Info.plist */,
			);
			path = "ecomerce-iOS";
			sourceTree = "<group>";
		};
		BA69A1B524B9E10E0053C135 /* ecomerce-iOSTests */ = {
			isa = PBXGroup;
			children = (
				BA69A1E224B9FB760053C135 /* Unit Tests */,
				BA69A1E124B9FB6A0053C135 /* Integration Test */,
				BA69A1B624B9E10E0053C135 /* ecomerce_iOSTests.swift */,
				BA69A1B824B9E10E0053C135 /* Info.plist */,
			);
			path = "ecomerce-iOSTests";
			sourceTree = "<group>";
		};
		BA69A1C024B9E10E0053C135 /* ecomerce-iOSUITests */ = {
			isa = PBXGroup;
			children = (
				BA69A1C124B9E10E0053C135 /* ecomerce_iOSUITests.swift */,
				BA69A1C324B9E10E0053C135 /* Info.plist */,
			);
			path = "ecomerce-iOSUITests";
			sourceTree = "<group>";
		};
		BA69A1CF24B9E5420053C135 /* View */ = {
			isa = PBXGroup;
			children = (
				BA69A1D624B9EB800053C135 /* LoginViewController.swift */,
				BA84817724BB27AE00AC9693 /* TabBarViewController.swift */,
				BA84817B24BB31B600AC9693 /* HomeViewController.swift */,
				BA84817C24BB31B600AC9693 /* HomeViewController.xib */,
				BA84818324BB866600AC9693 /* CategoryCollectionViewCell.swift */,
				BA84818424BB866600AC9693 /* CategoryCollectionViewCell.xib */,
				BA84818724BB8C7C00AC9693 /* PromoTableViewCell.swift */,
				BA84818824BB8C7C00AC9693 /* PromoTableViewCell.xib */,
			);
			path = View;
			sourceTree = "<group>";
		};
		BA69A1D024B9E54A0053C135 /* Interactor */ = {
			isa = PBXGroup;
			children = (
				BA69A1ED24BA00760053C135 /* ProductsProvider.swift */,
				BA69A1F324BA03640053C135 /* ProductListResponse.swift */,
			);
			path = Interactor;
			sourceTree = "<group>";
		};
		BA69A1D124B9E5540053C135 /* Adapter */ = {
			isa = PBXGroup;
			children = (
				BA69A1E924B9FCF30053C135 /* GetProduct.swift */,
			);
			path = Adapter;
			sourceTree = "<group>";
		};
		BA69A1D224B9E55A0053C135 /* ViewModel */ = {
			isa = PBXGroup;
			children = (
				BA84818124BB729A00AC9693 /* HomeViewModel.swift */,
			);
			path = ViewModel;
			sourceTree = "<group>";
		};
		BA69A1D324B9E5660053C135 /* Public */ = {
			isa = PBXGroup;
			children = (
				BA69A1D524B9E58B0053C135 /* API */,
				BA69A1D424B9E57F0053C135 /* Util */,
			);
			path = Public;
			sourceTree = "<group>";
		};
		BA69A1D424B9E57F0053C135 /* Util */ = {
			isa = PBXGroup;
			children = (
				BA69A1EB24B9FDF80053C135 /* Observable+GetEmit.swift */,
			);
			path = Util;
			sourceTree = "<group>";
		};
		BA69A1D524B9E58B0053C135 /* API */ = {
			isa = PBXGroup;
			children = (
				BA69A1E524B9FBAE0053C135 /* ProductAPI.swift */,
			);
			path = API;
			sourceTree = "<group>";
		};
		BA69A1E124B9FB6A0053C135 /* Integration Test */ = {
			isa = PBXGroup;
			children = (
				BA69A1E724B9FCDA0053C135 /* GetProductTests.swift */,
			);
			path = "Integration Test";
			sourceTree = "<group>";
		};
		BA69A1E224B9FB760053C135 /* Unit Tests */ = {
			isa = PBXGroup;
			children = (
				BA69A1E324B9FB9A0053C135 /* ProductAPITest.swift */,
				BA69A1EF24BA00870053C135 /* ProductProviderTests.swift */,
				BA69A1F124BA03260053C135 /* ProductListResponseTest.swift */,
				BA84817F24BB728200AC9693 /* HomeViewModelTest.swift */,
			);
			path = "Unit Tests";
			sourceTree = "<group>";
		};
/* End PBXGroup section */

/* Begin PBXNativeTarget section */
		BA69A19B24B9E10C0053C135 /* ecomerce-iOS */ = {
			isa = PBXNativeTarget;
			buildConfigurationList = BA69A1C624B9E10E0053C135 /* Build configuration list for PBXNativeTarget "ecomerce-iOS" */;
			buildPhases = (
				0F6E49BDAD24737C8CE57833 /* [CP] Check Pods Manifest.lock */,
				BA69A19824B9E10C0053C135 /* Sources */,
				BA69A19924B9E10C0053C135 /* Frameworks */,
				BA69A19A24B9E10C0053C135 /* Resources */,
				AED2610B714DF77916B11B02 /* [CP] Embed Pods Frameworks */,
			);
			buildRules = (
			);
			dependencies = (
			);
			name = "ecomerce-iOS";
			productName = "ecomerce-iOS";
			productReference = BA69A19C24B9E10C0053C135 /* ecomerce-iOS.app */;
			productType = "com.apple.product-type.application";
		};
		BA69A1B124B9E10E0053C135 /* ecomerce-iOSTests */ = {
			isa = PBXNativeTarget;
			buildConfigurationList = BA69A1C924B9E10E0053C135 /* Build configuration list for PBXNativeTarget "ecomerce-iOSTests" */;
			buildPhases = (
				813FB93523526836C561EA97 /* [CP] Check Pods Manifest.lock */,
				BA69A1AE24B9E10E0053C135 /* Sources */,
				BA69A1AF24B9E10E0053C135 /* Frameworks */,
				BA69A1B024B9E10E0053C135 /* Resources */,
				2AE066F602C9017E3FB7E905 /* [CP] Embed Pods Frameworks */,
			);
			buildRules = (
			);
			dependencies = (
				BA69A1B424B9E10E0053C135 /* PBXTargetDependency */,
			);
			name = "ecomerce-iOSTests";
			productName = "ecomerce-iOSTests";
			productReference = BA69A1B224B9E10E0053C135 /* ecomerce-iOSTests.xctest */;
			productType = "com.apple.product-type.bundle.unit-test";
		};
		BA69A1BC24B9E10E0053C135 /* ecomerce-iOSUITests */ = {
			isa = PBXNativeTarget;
			buildConfigurationList = BA69A1CC24B9E10E0053C135 /* Build configuration list for PBXNativeTarget "ecomerce-iOSUITests" */;
			buildPhases = (
				7471200DE1F6BA6CB5A823FE /* [CP] Check Pods Manifest.lock */,
				BA69A1B924B9E10E0053C135 /* Sources */,
				BA69A1BA24B9E10E0053C135 /* Frameworks */,
				BA69A1BB24B9E10E0053C135 /* Resources */,
				8454F2948B297553C1E03AAD /* [CP] Embed Pods Frameworks */,
			);
			buildRules = (
			);
			dependencies = (
				BA69A1BF24B9E10E0053C135 /* PBXTargetDependency */,
			);
			name = "ecomerce-iOSUITests";
			productName = "ecomerce-iOSUITests";
			productReference = BA69A1BD24B9E10E0053C135 /* ecomerce-iOSUITests.xctest */;
			productType = "com.apple.product-type.bundle.ui-testing";
		};
/* End PBXNativeTarget section */

/* Begin PBXProject section */
		BA69A19424B9E10C0053C135 /* Project object */ = {
			isa = PBXProject;
			attributes = {
				LastSwiftUpdateCheck = 1140;
				LastUpgradeCheck = 1140;
				ORGANIZATIONNAME = "Yonathan Wijaya";
				TargetAttributes = {
					BA69A19B24B9E10C0053C135 = {
						CreatedOnToolsVersion = 11.4;
					};
					BA69A1B124B9E10E0053C135 = {
						CreatedOnToolsVersion = 11.4;
						TestTargetID = BA69A19B24B9E10C0053C135;
					};
					BA69A1BC24B9E10E0053C135 = {
						CreatedOnToolsVersion = 11.4;
						TestTargetID = BA69A19B24B9E10C0053C135;
					};
				};
			};
			buildConfigurationList = BA69A19724B9E10C0053C135 /* Build configuration list for PBXProject "ecomerce-iOS" */;
			compatibilityVersion = "Xcode 9.3";
			developmentRegion = en;
			hasScannedForEncodings = 0;
			knownRegions = (
				en,
				Base,
			);
			mainGroup = BA69A19324B9E10C0053C135;
			productRefGroup = BA69A19D24B9E10C0053C135 /* Products */;
			projectDirPath = "";
			projectRoot = "";
			targets = (
				BA69A19B24B9E10C0053C135 /* ecomerce-iOS */,
				BA69A1B124B9E10E0053C135 /* ecomerce-iOSTests */,
				BA69A1BC24B9E10E0053C135 /* ecomerce-iOSUITests */,
			);
		};
/* End PBXProject section */

/* Begin PBXResourcesBuildPhase section */
		BA69A19A24B9E10C0053C135 /* Resources */ = {
			isa = PBXResourcesBuildPhase;
			buildActionMask = 2147483647;
			files = (
				BA69A1AC24B9E10E0053C135 /* LaunchScreen.storyboard in Resources */,
				BA84818624BB866600AC9693 /* CategoryCollectionViewCell.xib in Resources */,
				BA69A1A924B9E10E0053C135 /* Assets.xcassets in Resources */,
				BA84818A24BB8C7C00AC9693 /* PromoTableViewCell.xib in Resources */,
				BA69A1A724B9E10C0053C135 /* Main.storyboard in Resources */,
				BA84817E24BB31B600AC9693 /* HomeViewController.xib in Resources */,
			);
			runOnlyForDeploymentPostprocessing = 0;
		};
		BA69A1B024B9E10E0053C135 /* Resources */ = {
			isa = PBXResourcesBuildPhase;
			buildActionMask = 2147483647;
			files = (
			);
			runOnlyForDeploymentPostprocessing = 0;
		};
		BA69A1BB24B9E10E0053C135 /* Resources */ = {
			isa = PBXResourcesBuildPhase;
			buildActionMask = 2147483647;
			files = (
			);
			runOnlyForDeploymentPostprocessing = 0;
		};
/* End PBXResourcesBuildPhase section */

/* Begin PBXShellScriptBuildPhase section */
		0F6E49BDAD24737C8CE57833 /* [CP] Check Pods Manifest.lock */ = {
			isa = PBXShellScriptBuildPhase;
			buildActionMask = 2147483647;
			files = (
			);
			inputFileListPaths = (
			);
			inputPaths = (
				"${PODS_PODFILE_DIR_PATH}/Podfile.lock",
				"${PODS_ROOT}/Manifest.lock",
			);
			name = "[CP] Check Pods Manifest.lock";
			outputFileListPaths = (
			);
			outputPaths = (
				"$(DERIVED_FILE_DIR)/Pods-ecomerce-iOS-checkManifestLockResult.txt",
			);
			runOnlyForDeploymentPostprocessing = 0;
			shellPath = /bin/sh;
			shellScript = "diff \"${PODS_PODFILE_DIR_PATH}/Podfile.lock\" \"${PODS_ROOT}/Manifest.lock\" > /dev/null\nif [ $? != 0 ] ; then\n    # print error to STDERR\n    echo \"error: The sandbox is not in sync with the Podfile.lock. Run 'pod install' or update your CocoaPods installation.\" >&2\n    exit 1\nfi\n# This output is used by Xcode 'outputs' to avoid re-running this script phase.\necho \"SUCCESS\" > \"${SCRIPT_OUTPUT_FILE_0}\"\n";
			showEnvVarsInLog = 0;
		};
		2AE066F602C9017E3FB7E905 /* [CP] Embed Pods Frameworks */ = {
			isa = PBXShellScriptBuildPhase;
			buildActionMask = 2147483647;
			files = (
			);
			inputFileListPaths = (
				"${PODS_ROOT}/Target Support Files/Pods-ecomerce-iOSTests/Pods-ecomerce-iOSTests-frameworks-${CONFIGURATION}-input-files.xcfilelist",
			);
			name = "[CP] Embed Pods Frameworks";
			outputFileListPaths = (
				"${PODS_ROOT}/Target Support Files/Pods-ecomerce-iOSTests/Pods-ecomerce-iOSTests-frameworks-${CONFIGURATION}-output-files.xcfilelist",
			);
			runOnlyForDeploymentPostprocessing = 0;
			shellPath = /bin/sh;
			shellScript = "\"${PODS_ROOT}/Target Support Files/Pods-ecomerce-iOSTests/Pods-ecomerce-iOSTests-frameworks.sh\"\n";
			showEnvVarsInLog = 0;
		};
		7471200DE1F6BA6CB5A823FE /* [CP] Check Pods Manifest.lock */ = {
			isa = PBXShellScriptBuildPhase;
			buildActionMask = 2147483647;
			files = (
			);
			inputFileListPaths = (
			);
			inputPaths = (
				"${PODS_PODFILE_DIR_PATH}/Podfile.lock",
				"${PODS_ROOT}/Manifest.lock",
			);
			name = "[CP] Check Pods Manifest.lock";
			outputFileListPaths = (
			);
			outputPaths = (
				"$(DERIVED_FILE_DIR)/Pods-ecomerce-iOS-ecomerce-iOSUITests-checkManifestLockResult.txt",
			);
			runOnlyForDeploymentPostprocessing = 0;
			shellPath = /bin/sh;
			shellScript = "diff \"${PODS_PODFILE_DIR_PATH}/Podfile.lock\" \"${PODS_ROOT}/Manifest.lock\" > /dev/null\nif [ $? != 0 ] ; then\n    # print error to STDERR\n    echo \"error: The sandbox is not in sync with the Podfile.lock. Run 'pod install' or update your CocoaPods installation.\" >&2\n    exit 1\nfi\n# This output is used by Xcode 'outputs' to avoid re-running this script phase.\necho \"SUCCESS\" > \"${SCRIPT_OUTPUT_FILE_0}\"\n";
			showEnvVarsInLog = 0;
		};
		813FB93523526836C561EA97 /* [CP] Check Pods Manifest.lock */ = {
			isa = PBXShellScriptBuildPhase;
			buildActionMask = 2147483647;
			files = (
			);
			inputFileListPaths = (
			);
			inputPaths = (
				"${PODS_PODFILE_DIR_PATH}/Podfile.lock",
				"${PODS_ROOT}/Manifest.lock",
			);
			name = "[CP] Check Pods Manifest.lock";
			outputFileListPaths = (
			);
			outputPaths = (
				"$(DERIVED_FILE_DIR)/Pods-ecomerce-iOSTests-checkManifestLockResult.txt",
			);
			runOnlyForDeploymentPostprocessing = 0;
			shellPath = /bin/sh;
			shellScript = "diff \"${PODS_PODFILE_DIR_PATH}/Podfile.lock\" \"${PODS_ROOT}/Manifest.lock\" > /dev/null\nif [ $? != 0 ] ; then\n    # print error to STDERR\n    echo \"error: The sandbox is not in sync with the Podfile.lock. Run 'pod install' or update your CocoaPods installation.\" >&2\n    exit 1\nfi\n# This output is used by Xcode 'outputs' to avoid re-running this script phase.\necho \"SUCCESS\" > \"${SCRIPT_OUTPUT_FILE_0}\"\n";
			showEnvVarsInLog = 0;
		};
		8454F2948B297553C1E03AAD /* [CP] Embed Pods Frameworks */ = {
			isa = PBXShellScriptBuildPhase;
			buildActionMask = 2147483647;
			files = (
			);
			inputFileListPaths = (
				"${PODS_ROOT}/Target Support Files/Pods-ecomerce-iOS-ecomerce-iOSUITests/Pods-ecomerce-iOS-ecomerce-iOSUITests-frameworks-${CONFIGURATION}-input-files.xcfilelist",
			);
			name = "[CP] Embed Pods Frameworks";
			outputFileListPaths = (
				"${PODS_ROOT}/Target Support Files/Pods-ecomerce-iOS-ecomerce-iOSUITests/Pods-ecomerce-iOS-ecomerce-iOSUITests-frameworks-${CONFIGURATION}-output-files.xcfilelist",
			);
			runOnlyForDeploymentPostprocessing = 0;
			shellPath = /bin/sh;
			shellScript = "\"${PODS_ROOT}/Target Support Files/Pods-ecomerce-iOS-ecomerce-iOSUITests/Pods-ecomerce-iOS-ecomerce-iOSUITests-frameworks.sh\"\n";
			showEnvVarsInLog = 0;
		};
		AED2610B714DF77916B11B02 /* [CP] Embed Pods Frameworks */ = {
			isa = PBXShellScriptBuildPhase;
			buildActionMask = 2147483647;
			files = (
			);
			inputFileListPaths = (
				"${PODS_ROOT}/Target Support Files/Pods-ecomerce-iOS/Pods-ecomerce-iOS-frameworks-${CONFIGURATION}-input-files.xcfilelist",
			);
			name = "[CP] Embed Pods Frameworks";
			outputFileListPaths = (
				"${PODS_ROOT}/Target Support Files/Pods-ecomerce-iOS/Pods-ecomerce-iOS-frameworks-${CONFIGURATION}-output-files.xcfilelist",
			);
			runOnlyForDeploymentPostprocessing = 0;
			shellPath = /bin/sh;
			shellScript = "\"${PODS_ROOT}/Target Support Files/Pods-ecomerce-iOS/Pods-ecomerce-iOS-frameworks.sh\"\n";
			showEnvVarsInLog = 0;
		};
/* End PBXShellScriptBuildPhase section */

/* Begin PBXSourcesBuildPhase section */
		BA69A19824B9E10C0053C135 /* Sources */ = {
			isa = PBXSourcesBuildPhase;
			buildActionMask = 2147483647;
			files = (
				BA69A1EE24BA00760053C135 /* ProductsProvider.swift in Sources */,
				BA69A1D724B9EB800053C135 /* LoginViewController.swift in Sources */,
				BA69A1A424B9E10C0053C135 /* ViewController.swift in Sources */,
				BA84817824BB27AE00AC9693 /* TabBarViewController.swift in Sources */,
				BA69A1EC24B9FDF80053C135 /* Observable+GetEmit.swift in Sources */,
				BA69A1A024B9E10C0053C135 /* AppDelegate.swift in Sources */,
				BA84818524BB866600AC9693 /* CategoryCollectionViewCell.swift in Sources */,
				BA84818924BB8C7C00AC9693 /* PromoTableViewCell.swift in Sources */,
				BA69A1A224B9E10C0053C135 /* SceneDelegate.swift in Sources */,
				BA84818224BB729A00AC9693 /* HomeViewModel.swift in Sources */,
				BA69A1EA24B9FCF30053C135 /* GetProduct.swift in Sources */,
				BA69A1F424BA03640053C135 /* ProductListResponse.swift in Sources */,
				BA69A1E624B9FBAE0053C135 /* ProductAPI.swift in Sources */,
				BA84817D24BB31B600AC9693 /* HomeViewController.swift in Sources */,
			);
			runOnlyForDeploymentPostprocessing = 0;
		};
		BA69A1AE24B9E10E0053C135 /* Sources */ = {
			isa = PBXSourcesBuildPhase;
			buildActionMask = 2147483647;
			files = (
				BA69A1F024BA00870053C135 /* ProductProviderTests.swift in Sources */,
				BA69A1F224BA03260053C135 /* ProductListResponseTest.swift in Sources */,
				BA69A1E424B9FB9A0053C135 /* ProductAPITest.swift in Sources */,
				BA84818024BB728200AC9693 /* HomeViewModelTest.swift in Sources */,
				BA69A1E824B9FCDA0053C135 /* GetProductTests.swift in Sources */,
				BA69A1B724B9E10E0053C135 /* ecomerce_iOSTests.swift in Sources */,
			);
			runOnlyForDeploymentPostprocessing = 0;
		};
		BA69A1B924B9E10E0053C135 /* Sources */ = {
			isa = PBXSourcesBuildPhase;
			buildActionMask = 2147483647;
			files = (
				BA69A1C224B9E10E0053C135 /* ecomerce_iOSUITests.swift in Sources */,
			);
			runOnlyForDeploymentPostprocessing = 0;
		};
/* End PBXSourcesBuildPhase section */

/* Begin PBXTargetDependency section */
		BA69A1B424B9E10E0053C135 /* PBXTargetDependency */ = {
			isa = PBXTargetDependency;
			target = BA69A19B24B9E10C0053C135 /* ecomerce-iOS */;
			targetProxy = BA69A1B324B9E10E0053C135 /* PBXContainerItemProxy */;
		};
		BA69A1BF24B9E10E0053C135 /* PBXTargetDependency */ = {
			isa = PBXTargetDependency;
			target = BA69A19B24B9E10C0053C135 /* ecomerce-iOS */;
			targetProxy = BA69A1BE24B9E10E0053C135 /* PBXContainerItemProxy */;
		};
/* End PBXTargetDependency section */

/* Begin PBXVariantGroup section */
		BA69A1A524B9E10C0053C135 /* Main.storyboard */ = {
			isa = PBXVariantGroup;
			children = (
				BA69A1A624B9E10C0053C135 /* Base */,
			);
			name = Main.storyboard;
			sourceTree = "<group>";
		};
		BA69A1AA24B9E10E0053C135 /* LaunchScreen.storyboard */ = {
			isa = PBXVariantGroup;
			children = (
				BA69A1AB24B9E10E0053C135 /* Base */,
			);
			name = LaunchScreen.storyboard;
			sourceTree = "<group>";
		};
/* End PBXVariantGroup section */

/* Begin XCBuildConfiguration section */
		BA69A1C424B9E10E0053C135 /* Debug */ = {
			isa = XCBuildConfiguration;
			buildSettings = {
				ALWAYS_SEARCH_USER_PATHS = NO;
				CLANG_ANALYZER_NONNULL = YES;
				CLANG_ANALYZER_NUMBER_OBJECT_CONVERSION = YES_AGGRESSIVE;
				CLANG_CXX_LANGUAGE_STANDARD = "gnu++14";
				CLANG_CXX_LIBRARY = "libc++";
				CLANG_ENABLE_MODULES = YES;
				CLANG_ENABLE_OBJC_ARC = YES;
				CLANG_ENABLE_OBJC_WEAK = YES;
				CLANG_WARN_BLOCK_CAPTURE_AUTORELEASING = YES;
				CLANG_WARN_BOOL_CONVERSION = YES;
				CLANG_WARN_COMMA = YES;
				CLANG_WARN_CONSTANT_CONVERSION = YES;
				CLANG_WARN_DEPRECATED_OBJC_IMPLEMENTATIONS = YES;
				CLANG_WARN_DIRECT_OBJC_ISA_USAGE = YES_ERROR;
				CLANG_WARN_DOCUMENTATION_COMMENTS = YES;
				CLANG_WARN_EMPTY_BODY = YES;
				CLANG_WARN_ENUM_CONVERSION = YES;
				CLANG_WARN_INFINITE_RECURSION = YES;
				CLANG_WARN_INT_CONVERSION = YES;
				CLANG_WARN_NON_LITERAL_NULL_CONVERSION = YES;
				CLANG_WARN_OBJC_IMPLICIT_RETAIN_SELF = YES;
				CLANG_WARN_OBJC_LITERAL_CONVERSION = YES;
				CLANG_WARN_OBJC_ROOT_CLASS = YES_ERROR;
				CLANG_WARN_RANGE_LOOP_ANALYSIS = YES;
				CLANG_WARN_STRICT_PROTOTYPES = YES;
				CLANG_WARN_SUSPICIOUS_MOVE = YES;
				CLANG_WARN_UNGUARDED_AVAILABILITY = YES_AGGRESSIVE;
				CLANG_WARN_UNREACHABLE_CODE = YES;
				CLANG_WARN__DUPLICATE_METHOD_MATCH = YES;
				COPY_PHASE_STRIP = NO;
				DEBUG_INFORMATION_FORMAT = dwarf;
				ENABLE_STRICT_OBJC_MSGSEND = YES;
				ENABLE_TESTABILITY = YES;
				GCC_C_LANGUAGE_STANDARD = gnu11;
				GCC_DYNAMIC_NO_PIC = NO;
				GCC_NO_COMMON_BLOCKS = YES;
				GCC_OPTIMIZATION_LEVEL = 0;
				GCC_PREPROCESSOR_DEFINITIONS = (
					"DEBUG=1",
					"$(inherited)",
				);
				GCC_WARN_64_TO_32_BIT_CONVERSION = YES;
				GCC_WARN_ABOUT_RETURN_TYPE = YES_ERROR;
				GCC_WARN_UNDECLARED_SELECTOR = YES;
				GCC_WARN_UNINITIALIZED_AUTOS = YES_AGGRESSIVE;
				GCC_WARN_UNUSED_FUNCTION = YES;
				GCC_WARN_UNUSED_VARIABLE = YES;
				IPHONEOS_DEPLOYMENT_TARGET = 13.4;
				MTL_ENABLE_DEBUG_INFO = INCLUDE_SOURCE;
				MTL_FAST_MATH = YES;
				ONLY_ACTIVE_ARCH = YES;
				SDKROOT = iphoneos;
				SWIFT_ACTIVE_COMPILATION_CONDITIONS = DEBUG;
				SWIFT_OPTIMIZATION_LEVEL = "-Onone";
			};
			name = Debug;
		};
		BA69A1C524B9E10E0053C135 /* Release */ = {
			isa = XCBuildConfiguration;
			buildSettings = {
				ALWAYS_SEARCH_USER_PATHS = NO;
				CLANG_ANALYZER_NONNULL = YES;
				CLANG_ANALYZER_NUMBER_OBJECT_CONVERSION = YES_AGGRESSIVE;
				CLANG_CXX_LANGUAGE_STANDARD = "gnu++14";
				CLANG_CXX_LIBRARY = "libc++";
				CLANG_ENABLE_MODULES = YES;
				CLANG_ENABLE_OBJC_ARC = YES;
				CLANG_ENABLE_OBJC_WEAK = YES;
				CLANG_WARN_BLOCK_CAPTURE_AUTORELEASING = YES;
				CLANG_WARN_BOOL_CONVERSION = YES;
				CLANG_WARN_COMMA = YES;
				CLANG_WARN_CONSTANT_CONVERSION = YES;
				CLANG_WARN_DEPRECATED_OBJC_IMPLEMENTATIONS = YES;
				CLANG_WARN_DIRECT_OBJC_ISA_USAGE = YES_ERROR;
				CLANG_WARN_DOCUMENTATION_COMMENTS = YES;
				CLANG_WARN_EMPTY_BODY = YES;
				CLANG_WARN_ENUM_CONVERSION = YES;
				CLANG_WARN_INFINITE_RECURSION = YES;
				CLANG_WARN_INT_CONVERSION = YES;
				CLANG_WARN_NON_LITERAL_NULL_CONVERSION = YES;
				CLANG_WARN_OBJC_IMPLICIT_RETAIN_SELF = YES;
				CLANG_WARN_OBJC_LITERAL_CONVERSION = YES;
				CLANG_WARN_OBJC_ROOT_CLASS = YES_ERROR;
				CLANG_WARN_RANGE_LOOP_ANALYSIS = YES;
				CLANG_WARN_STRICT_PROTOTYPES = YES;
				CLANG_WARN_SUSPICIOUS_MOVE = YES;
				CLANG_WARN_UNGUARDED_AVAILABILITY = YES_AGGRESSIVE;
				CLANG_WARN_UNREACHABLE_CODE = YES;
				CLANG_WARN__DUPLICATE_METHOD_MATCH = YES;
				COPY_PHASE_STRIP = NO;
				DEBUG_INFORMATION_FORMAT = "dwarf-with-dsym";
				ENABLE_NS_ASSERTIONS = NO;
				ENABLE_STRICT_OBJC_MSGSEND = YES;
				GCC_C_LANGUAGE_STANDARD = gnu11;
				GCC_NO_COMMON_BLOCKS = YES;
				GCC_WARN_64_TO_32_BIT_CONVERSION = YES;
				GCC_WARN_ABOUT_RETURN_TYPE = YES_ERROR;
				GCC_WARN_UNDECLARED_SELECTOR = YES;
				GCC_WARN_UNINITIALIZED_AUTOS = YES_AGGRESSIVE;
				GCC_WARN_UNUSED_FUNCTION = YES;
				GCC_WARN_UNUSED_VARIABLE = YES;
				IPHONEOS_DEPLOYMENT_TARGET = 13.4;
				MTL_ENABLE_DEBUG_INFO = NO;
				MTL_FAST_MATH = YES;
				SDKROOT = iphoneos;
				SWIFT_COMPILATION_MODE = wholemodule;
				SWIFT_OPTIMIZATION_LEVEL = "-O";
				VALIDATE_PRODUCT = YES;
			};
			name = Release;
		};
		BA69A1C724B9E10E0053C135 /* Debug */ = {
			isa = XCBuildConfiguration;
			baseConfigurationReference = 0E361824413FBFEA72AE2D55 /* Pods-ecomerce-iOS.debug.xcconfig */;
			buildSettings = {
				ASSETCATALOG_COMPILER_APPICON_NAME = AppIcon;
				CODE_SIGN_STYLE = Automatic;
				DEVELOPMENT_TEAM = 83VP966F94;
				INFOPLIST_FILE = "ecomerce-iOS/Info.plist";
				LD_RUNPATH_SEARCH_PATHS = (
					"$(inherited)",
					"@executable_path/Frameworks",
				);
				PRODUCT_BUNDLE_IDENTIFIER = "com.ecomerce-iOS";
				PRODUCT_NAME = "$(TARGET_NAME)";
				SWIFT_VERSION = 5.0;
				TARGETED_DEVICE_FAMILY = "1,2";
			};
			name = Debug;
		};
		BA69A1C824B9E10E0053C135 /* Release */ = {
			isa = XCBuildConfiguration;
			baseConfigurationReference = 3B28397B8AF4285288FF517C /* Pods-ecomerce-iOS.release.xcconfig */;
			buildSettings = {
				ASSETCATALOG_COMPILER_APPICON_NAME = AppIcon;
				CODE_SIGN_STYLE = Automatic;
				DEVELOPMENT_TEAM = 83VP966F94;
				INFOPLIST_FILE = "ecomerce-iOS/Info.plist";
				LD_RUNPATH_SEARCH_PATHS = (
					"$(inherited)",
					"@executable_path/Frameworks",
				);
				PRODUCT_BUNDLE_IDENTIFIER = "com.ecomerce-iOS";
				PRODUCT_NAME = "$(TARGET_NAME)";
				SWIFT_VERSION = 5.0;
				TARGETED_DEVICE_FAMILY = "1,2";
			};
			name = Release;
		};
		BA69A1CA24B9E10E0053C135 /* Debug */ = {
			isa = XCBuildConfiguration;
			baseConfigurationReference = A6D2928469D971FA0D5B94B7 /* Pods-ecomerce-iOSTests.debug.xcconfig */;
			buildSettings = {
				ALWAYS_EMBED_SWIFT_STANDARD_LIBRARIES = YES;
				BUNDLE_LOADER = "$(TEST_HOST)";
				CODE_SIGN_STYLE = Automatic;
				DEVELOPMENT_TEAM = 83VP966F94;
				INFOPLIST_FILE = "ecomerce-iOSTests/Info.plist";
				IPHONEOS_DEPLOYMENT_TARGET = 13.4;
				LD_RUNPATH_SEARCH_PATHS = (
					"$(inherited)",
					"@executable_path/Frameworks",
					"@loader_path/Frameworks",
				);
				PRODUCT_BUNDLE_IDENTIFIER = "com.ecomerce-iOSTests";
				PRODUCT_NAME = "$(TARGET_NAME)";
				SWIFT_VERSION = 5.0;
				TARGETED_DEVICE_FAMILY = "1,2";
				TEST_HOST = "$(BUILT_PRODUCTS_DIR)/ecomerce-iOS.app/ecomerce-iOS";
			};
			name = Debug;
		};
		BA69A1CB24B9E10E0053C135 /* Release */ = {
			isa = XCBuildConfiguration;
			baseConfigurationReference = 1BEEC9E8759492907E69A56F /* Pods-ecomerce-iOSTests.release.xcconfig */;
			buildSettings = {
				ALWAYS_EMBED_SWIFT_STANDARD_LIBRARIES = YES;
				BUNDLE_LOADER = "$(TEST_HOST)";
				CODE_SIGN_STYLE = Automatic;
				DEVELOPMENT_TEAM = 83VP966F94;
				INFOPLIST_FILE = "ecomerce-iOSTests/Info.plist";
				IPHONEOS_DEPLOYMENT_TARGET = 13.4;
				LD_RUNPATH_SEARCH_PATHS = (
					"$(inherited)",
					"@executable_path/Frameworks",
					"@loader_path/Frameworks",
				);
				PRODUCT_BUNDLE_IDENTIFIER = "com.ecomerce-iOSTests";
				PRODUCT_NAME = "$(TARGET_NAME)";
				SWIFT_VERSION = 5.0;
				TARGETED_DEVICE_FAMILY = "1,2";
				TEST_HOST = "$(BUILT_PRODUCTS_DIR)/ecomerce-iOS.app/ecomerce-iOS";
			};
			name = Release;
		};
		BA69A1CD24B9E10E0053C135 /* Debug */ = {
			isa = XCBuildConfiguration;
			baseConfigurationReference = 2558D529934C3D699BEFF27B /* Pods-ecomerce-iOS-ecomerce-iOSUITests.debug.xcconfig */;
			buildSettings = {
				ALWAYS_EMBED_SWIFT_STANDARD_LIBRARIES = YES;
				CODE_SIGN_STYLE = Automatic;
				DEVELOPMENT_TEAM = 83VP966F94;
				INFOPLIST_FILE = "ecomerce-iOSUITests/Info.plist";
				LD_RUNPATH_SEARCH_PATHS = (
					"$(inherited)",
					"@executable_path/Frameworks",
					"@loader_path/Frameworks",
				);
				PRODUCT_BUNDLE_IDENTIFIER = "com.ecomerce-iOSUITests";
				PRODUCT_NAME = "$(TARGET_NAME)";
				SWIFT_VERSION = 5.0;
				TARGETED_DEVICE_FAMILY = "1,2";
				TEST_TARGET_NAME = "ecomerce-iOS";
			};
			name = Debug;
		};
		BA69A1CE24B9E10E0053C135 /* Release */ = {
			isa = XCBuildConfiguration;
			baseConfigurationReference = 67E971AA284A1D1F1DD574EE /* Pods-ecomerce-iOS-ecomerce-iOSUITests.release.xcconfig */;
			buildSettings = {
				ALWAYS_EMBED_SWIFT_STANDARD_LIBRARIES = YES;
				CODE_SIGN_STYLE = Automatic;
				DEVELOPMENT_TEAM = 83VP966F94;
				INFOPLIST_FILE = "ecomerce-iOSUITests/Info.plist";
				LD_RUNPATH_SEARCH_PATHS = (
					"$(inherited)",
					"@executable_path/Frameworks",
					"@loader_path/Frameworks",
				);
				PRODUCT_BUNDLE_IDENTIFIER = "com.ecomerce-iOSUITests";
				PRODUCT_NAME = "$(TARGET_NAME)";
				SWIFT_VERSION = 5.0;
				TARGETED_DEVICE_FAMILY = "1,2";
				TEST_TARGET_NAME = "ecomerce-iOS";
			};
			name = Release;
		};
/* End XCBuildConfiguration section */

/* Begin XCConfigurationList section */
		BA69A19724B9E10C0053C135 /* Build configuration list for PBXProject "ecomerce-iOS" */ = {
			isa = XCConfigurationList;
			buildConfigurations = (
				BA69A1C424B9E10E0053C135 /* Debug */,
				BA69A1C524B9E10E0053C135 /* Release */,
			);
			defaultConfigurationIsVisible = 0;
			defaultConfigurationName = Release;
		};
		BA69A1C624B9E10E0053C135 /* Build configuration list for PBXNativeTarget "ecomerce-iOS" */ = {
			isa = XCConfigurationList;
			buildConfigurations = (
				BA69A1C724B9E10E0053C135 /* Debug */,
				BA69A1C824B9E10E0053C135 /* Release */,
			);
			defaultConfigurationIsVisible = 0;
			defaultConfigurationName = Release;
		};
		BA69A1C924B9E10E0053C135 /* Build configuration list for PBXNativeTarget "ecomerce-iOSTests" */ = {
			isa = XCConfigurationList;
			buildConfigurations = (
				BA69A1CA24B9E10E0053C135 /* Debug */,
				BA69A1CB24B9E10E0053C135 /* Release */,
			);
			defaultConfigurationIsVisible = 0;
			defaultConfigurationName = Release;
		};
		BA69A1CC24B9E10E0053C135 /* Build configuration list for PBXNativeTarget "ecomerce-iOSUITests" */ = {
			isa = XCConfigurationList;
			buildConfigurations = (
				BA69A1CD24B9E10E0053C135 /* Debug */,
				BA69A1CE24B9E10E0053C135 /* Release */,
			);
			defaultConfigurationIsVisible = 0;
			defaultConfigurationName = Release;
		};
/* End XCConfigurationList section */
	};
	rootObject = BA69A19424B9E10C0053C135 /* Project object */;
}
